
Microsoft Visual Studio Solution File, Format Version 12.00
# Visual Studio Version 17
VisualStudioVersion = 17.0.31710.8
MinimumVisualStudioVersion = 10.0.40219.1
Project("{9A19103F-16F7-4668-BE54-9A1E7A4F7556}") = "ExpenseManagement.API", "ExpenseManagement.API\ExpenseManagement.API.csproj", "{631DF184-2FFB-477E-9C0A-DFB7B98A60EF}"
EndProject
Project("{9A19103F-16F7-4668-BE54-9A1E7A4F7556}") = "ExpenseManagement.Domain", "ExpenseManagement.Domain\ExpenseManagement.Domain.csproj", "{3981FF10-ACC6-4D72-93F0-F86B3F5E38CE}"
EndProject
Project("{9A19103F-16F7-4668-BE54-9A1E7A4F7556}") = "ExpenseManagement.Data", "ExpenseManagement.Data\ExpenseManagement.Data.csproj", "{4276FC9E-FBFA-436E-8B11-EFB814BA0281}"
EndProject
Project("{9A19103F-16F7-4668-BE54-9A1E7A4F7556}") = "ExpenseManagement.Services", "ExpenseManagement.Services\ExpenseManagement.Services.csproj", "{0D1BE558-C943-4348-BCE3-ED6CAF88E208}"
EndProject
Project("{FAE04EC0-301F-11D3-BF4B-00C04F79EFBC}") = "ExpenseManagement.Test", "ExpenseManagement.Test\ExpenseManagement.Test.csproj", "{5B2435C5-AB1C-4828-A4B0-5E0D90EFA20B}"
EndProject
Global
	GlobalSection(SolutionConfigurationPlatforms) = preSolution
		Debug|Any CPU = Debug|Any CPU
		Release|Any CPU = Release|Any CPU
	EndGlobalSection
	GlobalSection(ProjectConfigurationPlatforms) = postSolution
		{631DF184-2FFB-477E-9C0A-DFB7B98A60EF}.Debug|Any CPU.ActiveCfg = Debug|Any CPU
		{631DF184-2FFB-477E-9C0A-DFB7B98A60EF}.Debug|Any CPU.Build.0 = Debug|Any CPU
		{631DF184-2FFB-477E-9C0A-DFB7B98A60EF}.Release|Any CPU.ActiveCfg = Release|Any CPU
		{631DF184-2FFB-477E-9C0A-DFB7B98A60EF}.Release|Any CPU.Build.0 = Release|Any CPU
		{3981FF10-ACC6-4D72-93F0-F86B3F5E38CE}.Debug|Any CPU.ActiveCfg = Debug|Any CPU
		{3981FF10-ACC6-4D72-93F0-F86B3F5E38CE}.Debug|Any CPU.Build.0 = Debug|Any CPU
		{3981FF10-ACC6-4D72-93F0-F86B3F5E38CE}.Release|Any CPU.ActiveCfg = Release|Any CPU
		{3981FF10-ACC6-4D72-93F0-F86B3F5E38CE}.Release|Any CPU.Build.0 = Release|Any CPU
		{4276FC9E-FBFA-436E-8B11-EFB814BA0281}.Debug|Any CPU.ActiveCfg = Debug|Any CPU
		{4276FC9E-FBFA-436E-8B11-EFB814BA0281}.Debug|Any CPU.Build.0 = Debug|Any CPU
		{4276FC9E-FBFA-436E-8B11-EFB814BA0281}.Release|Any CPU.ActiveCfg = Release|Any CPU
		{4276FC9E-FBFA-436E-8B11-EFB814BA0281}.Release|Any CPU.Build.0 = Release|Any CPU
		{0D1BE558-C943-4348-BCE3-ED6CAF88E208}.Debug|Any CPU.ActiveCfg = Debug|Any CPU
		{0D1BE558-C943-4348-BCE3-ED6CAF88E208}.Debug|Any CPU.Build.0 = Debug|Any CPU
		{0D1BE558-C943-4348-BCE3-ED6CAF88E208}.Release|Any CPU.ActiveCfg = Release|Any CPU
		{0D1BE558-C943-4348-BCE3-ED6CAF88E208}.Release|Any CPU.Build.0 = Release|Any CPU
		{5B2435C5-AB1C-4828-A4B0-5E0D90EFA20B}.Debug|Any CPU.ActiveCfg = Debug|Any CPU
		{5B2435C5-AB1C-4828-A4B0-5E0D90EFA20B}.Debug|Any CPU.Build.0 = Debug|Any CPU
		{5B2435C5-AB1C-4828-A4B0-5E0D90EFA20B}.Release|Any CPU.ActiveCfg = Release|Any CPU
		{5B2435C5-AB1C-4828-A4B0-5E0D90EFA20B}.Release|Any CPU.Build.0 = Release|Any CPU
	EndGlobalSection
	GlobalSection(SolutionProperties) = preSolution
		HideSolutionNode = FALSE
	EndGlobalSection
	GlobalSection(ExtensibilityGlobals) = postSolution
		SolutionGuid = {F6B969FE-62D5-4F0D-A065-32AB0F954CA0}
	EndGlobalSection
EndGlobal
